// !$*UTF8*$!
{
	archiveVersion = 1;
	classes = {
	};
	objectVersion = 55;
	objects = {

/* Begin PBXBuildFile section */
		450F95302884C47500A3C8F7 /* AppDelegate.m in Sources */ = {isa = PBXBuildFile; fileRef = 450F952F2884C47500A3C8F7 /* AppDelegate.m */; };
		450F95332884C47500A3C8F7 /* SceneDelegate.m in Sources */ = {isa = PBXBuildFile; fileRef = 450F95322884C47500A3C8F7 /* SceneDelegate.m */; };
		450F95362884C47500A3C8F7 /* ViewController.m in Sources */ = {isa = PBXBuildFile; fileRef = 450F95352884C47500A3C8F7 /* ViewController.m */; };
		450F95392884C47500A3C8F7 /* Main.storyboard in Resources */ = {isa = PBXBuildFile; fileRef = 450F95372884C47500A3C8F7 /* Main.storyboard */; };
		450F953B2884C47700A3C8F7 /* Assets.xcassets in Resources */ = {isa = PBXBuildFile; fileRef = 450F953A2884C47700A3C8F7 /* Assets.xcassets */; };
		450F953E2884C47700A3C8F7 /* LaunchScreen.storyboard in Resources */ = {isa = PBXBuildFile; fileRef = 450F953C2884C47700A3C8F7 /* LaunchScreen.storyboard */; };
		450F95412884C47700A3C8F7 /* main.m in Sources */ = {isa = PBXBuildFile; fileRef = 450F95402884C47700A3C8F7 /* main.m */; };
		450F95492884D3BE00A3C8F7 /* aaa.mp4 in Resources */ = {isa = PBXBuildFile; fileRef = 450F95482884D2EA00A3C8F7 /* aaa.mp4 */; };
/* End PBXBuildFile section */

/* Begin PBXFileReference section */
		450F952B2884C47500A3C8F7 /* pictureInPicture.app */ = {isa = PBXFileReference; explicitFileType = wrapper.application; includeInIndex = 0; path = pictureInPicture.app; sourceTree = BUILT_PRODUCTS_DIR; };
		450F952E2884C47500A3C8F7 /* AppDelegate.h */ = {isa = PBXFileReference; lastKnownFileType = sourcecode.c.h; path = AppDelegate.h; sourceTree = "<group>"; };
		450F952F2884C47500A3C8F7 /* AppDelegate.m */ = {isa = PBXFileReference; lastKnownFileType = sourcecode.c.objc; path = AppDelegate.m; sourceTree = "<group>"; };
		450F95312884C47500A3C8F7 /* SceneDelegate.h */ = {isa = PBXFileReference; lastKnownFileType = sourcecode.c.h; path = SceneDelegate.h; sourceTree = "<group>"; };
		450F95322884C47500A3C8F7 /* SceneDelegate.m */ = {isa = PBXFileReference; lastKnownFileType = sourcecode.c.objc; path = SceneDelegate.m; sourceTree = "<group>"; };
		450F95342884C47500A3C8F7 /* ViewController.h */ = {isa = PBXFileReference; lastKnownFileType = sourcecode.c.h; path = ViewController.h; sourceTree = "<group>"; };
		450F95352884C47500A3C8F7 /* ViewController.m */ = {isa = PBXFileReference; lastKnownFileType = sourcecode.c.objc; path = ViewController.m; sourceTree = "<group>"; };
		450F95382884C47500A3C8F7 /* Base */ = {isa = PBXFileReference; lastKnownFileType = file.storyboard; name = Base; path = Base.lproj/Main.storyboard; sourceTree = "<group>"; };
		450F953A2884C47700A3C8F7 /* Assets.xcassets */ = {isa = PBXFileReference; lastKnownFileType = folder.assetcatalog; path = Assets.xcassets; sourceTree = "<group>"; };
		450F953D2884C47700A3C8F7 /* Base */ = {isa = PBXFileReference; lastKnownFileType = file.storyboard; name = Base; path = Base.lproj/LaunchScreen.storyboard; sourceTree = "<group>"; };
		450F953F2884C47700A3C8F7 /* Info.plist */ = {isa = PBXFileReference; lastKnownFileType = text.plist.xml; path = Info.plist; sourceTree = "<group>"; };
		450F95402884C47700A3C8F7 /* main.m */ = {isa = PBXFileReference; lastKnownFileType = sourcecode.c.objc; path = main.m; sourceTree = "<group>"; };
		450F95482884D2EA00A3C8F7 /* aaa.mp4 */ = {isa = PBXFileReference; lastKnownFileType = file; path = aaa.mp4; sourceTree = SOURCE_ROOT; };
/* End PBXFileReference section */

/* Begin PBXFrameworksBuildPhase section */
		450F95282884C47500A3C8F7 /* Frameworks */ = {
			isa = PBXFrameworksBuildPhase;
			buildActionMask = 2147483647;
			files = (
			);
			runOnlyForDeploymentPostprocessing = 0;
		};
/* End PBXFrameworksBuildPhase section */

/* Begin PBXGroup section */
		450F95222884C47500A3C8F7 = {
			isa = PBXGroup;
			children = (
				450F952D2884C47500A3C8F7 /* pictureInPicture */,
				450F952C2884C47500A3C8F7 /* Products */,
				450F95472884C4C100A3C8F7 /* Frameworks */,
			);
			sourceTree = "<group>";
		};
		450F952C2884C47500A3C8F7 /* Products */ = {
			isa = PBXGroup;
			children = (
				450F952B2884C47500A3C8F7 /* pictureInPicture.app */,
			);
			name = Products;
			sourceTree = "<group>";
		};
		450F952D2884C47500A3C8F7 /* pictureInPicture */ = {
			isa = PBXGroup;
			children = (
				450F952E2884C47500A3C8F7 /* AppDelegate.h */,
				450F952F2884C47500A3C8F7 /* AppDelegate.m */,
				450F95312884C47500A3C8F7 /* SceneDelegate.h */,
				450F95322884C47500A3C8F7 /* SceneDelegate.m */,
				450F95342884C47500A3C8F7 /* ViewController.h */,
				450F95352884C47500A3C8F7 /* ViewController.m */,
				450F95482884D2EA00A3C8F7 /* aaa.mp4 */,
				450F95372884C47500A3C8F7 /* Main.storyboard */,
				450F953A2884C47700A3C8F7 /* Assets.xcassets */,
				450F953C2884C47700A3C8F7 /* LaunchScreen.storyboard */,
				450F953F2884C47700A3C8F7 /* Info.plist */,
				450F95402884C47700A3C8F7 /* main.m */,
			);
			path = pictureInPicture;
			sourceTree = "<group>";
		};
		450F95472884C4C100A3C8F7 /* Frameworks */ = {
			isa = PBXGroup;
			children = (
			);
			name = Frameworks;
			sourceTree = "<group>";
		};
/* End PBXGroup section */

/* Begin PBXNativeTarget section */
		450F952A2884C47500A3C8F7 /* pictureInPicture */ = {
			isa = PBXNativeTarget;
			buildConfigurationList = 450F95442884C47700A3C8F7 /* Build configuration list for PBXNativeTarget "pictureInPicture" */;
			buildPhases = (
				450F95272884C47500A3C8F7 /* Sources */,
				450F95282884C47500A3C8F7 /* Frameworks */,
				450F95292884C47500A3C8F7 /* Resources */,
			);
			buildRules = (
			);
			dependencies = (
			);
			name = pictureInPicture;
			productName = pictureInPicture;
			productReference = 450F952B2884C47500A3C8F7 /* pictureInPicture.app */;
			productType = "com.apple.product-type.application";
		};
/* End PBXNativeTarget section */

/* Begin PBXProject section */
		450F95232884C47500A3C8F7 /* Project object */ = {
			isa = PBXProject;
			attributes = {
				BuildIndependentTargetsInParallel = 1;
				LastUpgradeCheck = 1340;
				TargetAttributes = {
					450F952A2884C47500A3C8F7 = {
						CreatedOnToolsVersion = 13.4.1;
					};
				};
			};
			buildConfigurationList = 450F95262884C47500A3C8F7 /* Build configuration list for PBXProject "pictureInPicture" */;
			compatibilityVersion = "Xcode 13.0";
			developmentRegion = en;
			hasScannedForEncodings = 0;
			knownRegions = (
				en,
				Base,
			);
			mainGroup = 450F95222884C47500A3C8F7;
			productRefGroup = 450F952C2884C47500A3C8F7 /* Products */;
			projectDirPath = "";
			projectRoot = "";
			targets = (
				450F952A2884C47500A3C8F7 /* pictureInPicture */,
			);
		};
/* End PBXProject section */

/* Begin PBXResourcesBuildPhase section */
		450F95292884C47500A3C8F7 /* Resources */ = {
			isa = PBXResourcesBuildPhase;
			buildActionMask = 2147483647;
			files = (
				450F95492884D3BE00A3C8F7 /* aaa.mp4 in Resources */,
				450F953E2884C47700A3C8F7 /* LaunchScreen.storyboard in Resources */,
				450F953B2884C47700A3C8F7 /* Assets.xcassets in Resources */,
				450F95392884C47500A3C8F7 /* Main.storyboard in Resources */,
			);
			runOnlyForDeploymentPostprocessing = 0;
		};
/* End PBXResourcesBuildPhase section */

/* Begin PBXSourcesBuildPhase section */
		450F95272884C47500A3C8F7 /* Sources */ = {
			isa = PBXSourcesBuildPhase;
			buildActionMask = 2147483647;
			files = (
				450F95362884C47500A3C8F7 /* ViewController.m in Sources */,
				450F95302884C47500A3C8F7 /* AppDelegate.m in Sources */,
				450F95412884C47700A3C8F7 /* main.m in Sources */,
				450F95332884C47500A3C8F7 /* SceneDelegate.m in Sources */,
			);
			runOnlyForDeploymentPostprocessing = 0;
		};
/* End PBXSourcesBuildPhase section */

/* Begin PBXVariantGroup section */
		450F95372884C47500A3C8F7 /* Main.storyboard */ = {
			isa = PBXVariantGroup;
			children = (
				450F95382884C47500A3C8F7 /* Base */,
			);
			name = Main.storyboard;
			sourceTree = "<group>";
		};
		450F953C2884C47700A3C8F7 /* LaunchScreen.storyboard */ = {
			isa = PBXVariantGroup;
			children = (
				450F953D2884C47700A3C8F7 /* Base */,
			);
			name = LaunchScreen.storyboard;
			sourceTree = "<group>";
		};
/* End PBXVariantGroup section */

/* Begin XCBuildConfiguration section */
		450F95422884C47700A3C8F7 /* Debug */ = {
			isa = XCBuildConfiguration;
			buildSettings = {
				ALWAYS_SEARCH_USER_PATHS = NO;
				CLANG_ANALYZER_NONNULL = YES;
				CLANG_ANALYZER_NUMBER_OBJECT_CONVERSION = YES_AGGRESSIVE;
				CLANG_CXX_LANGUAGE_STANDARD = "gnu++17";
				CLANG_ENABLE_MODULES = YES;
				CLANG_ENABLE_OBJC_ARC = YES;
				CLANG_ENABLE_OBJC_WEAK = YES;
				CLANG_WARN_BLOCK_CAPTURE_AUTORELEASING = YES;
				CLANG_WARN_BOOL_CONVERSION = YES;
				CLANG_WARN_COMMA = YES;
				CLANG_WARN_CONSTANT_CONVERSION = YES;
				CLANG_WARN_DEPRECATED_OBJC_IMPLEMENTATIONS = YES;
				CLANG_WARN_DIRECT_OBJC_ISA_USAGE = YES_ERROR;
				CLANG_WARN_DOCUMENTATION_COMMENTS = YES;
				CLANG_WARN_EMPTY_BODY = YES;
				CLANG_WARN_ENUM_CONVERSION = YES;
				CLANG_WARN_INFINITE_RECURSION = YES;
				CLANG_WARN_INT_CONVERSION = YES;
				CLANG_WARN_NON_LITERAL_NULL_CONVERSION = YES;
				CLANG_WARN_OBJC_IMPLICIT_RETAIN_SELF = YES;
				CLANG_WARN_OBJC_LITERAL_CONVERSION = YES;
				CLANG_WARN_OBJC_ROOT_CLASS = YES_ERROR;
				CLANG_WARN_QUOTED_INCLUDE_IN_FRAMEWORK_HEADER = YES;
				CLANG_WARN_RANGE_LOOP_ANALYSIS = YES;
				CLANG_WARN_STRICT_PROTOTYPES = YES;
				CLANG_WARN_SUSPICIOUS_MOVE = YES;
				CLANG_WARN_UNGUARDED_AVAILABILITY = YES_AGGRESSIVE;
				CLANG_WARN_UNREACHABLE_CODE = YES;
				CLANG_WARN__DUPLICATE_METHOD_MATCH = YES;
				COPY_PHASE_STRIP = NO;
				DEBUG_INFORMATION_FORMAT = dwarf;
				ENABLE_STRICT_OBJC_MSGSEND = YES;
				ENABLE_TESTABILITY = YES;
				GCC_C_LANGUAGE_STANDARD = gnu11;
				GCC_DYNAMIC_NO_PIC = NO;
				GCC_NO_COMMON_BLOCKS = YES;
				GCC_OPTIMIZATION_LEVEL = 0;
				GCC_PREPROCESSOR_DEFINITIONS = (
					"DEBUG=1",
					"$(inherited)",
				);
				GCC_WARN_64_TO_32_BIT_CONVERSION = YES;
				GCC_WARN_ABOUT_RETURN_TYPE = YES_ERROR;
				GCC_WARN_UNDECLARED_SELECTOR = YES;
				GCC_WARN_UNINITIALIZED_AUTOS = YES_AGGRESSIVE;
				GCC_WARN_UNUSED_FUNCTION = YES;
				GCC_WARN_UNUSED_VARIABLE = YES;
				IPHONEOS_DEPLOYMENT_TARGET = 15.5;
				MTL_ENABLE_DEBUG_INFO = INCLUDE_SOURCE;
				MTL_FAST_MATH = YES;
				ONLY_ACTIVE_ARCH = YES;
				SDKROOT = iphoneos;
			};
			name = Debug;
		};
		450F95432884C47700A3C8F7 /* Release */ = {
			isa = XCBuildConfiguration;
			buildSettings = {
				ALWAYS_SEARCH_USER_PATHS = NO;
				CLANG_ANALYZER_NONNULL = YES;
				CLANG_ANALYZER_NUMBER_OBJECT_CONVERSION = YES_AGGRESSIVE;
				CLANG_CXX_LANGUAGE_STANDARD = "gnu++17";
				CLANG_ENABLE_MODULES = YES;
				CLANG_ENABLE_OBJC_ARC = YES;
				CLANG_ENABLE_OBJC_WEAK = YES;
				CLANG_WARN_BLOCK_CAPTURE_AUTORELEASING = YES;
				CLANG_WARN_BOOL_CONVERSION = YES;
				CLANG_WARN_COMMA = YES;
				CLANG_WARN_CONSTANT_CONVERSION = YES;
				CLANG_WARN_DEPRECATED_OBJC_IMPLEMENTATIONS = YES;
				CLANG_WARN_DIRECT_OBJC_ISA_USAGE = YES_ERROR;
				CLANG_WARN_DOCUMENTATION_COMMENTS = YES;
				CLANG_WARN_EMPTY_BODY = YES;
				CLANG_WARN_ENUM_CONVERSION = YES;
				CLANG_WARN_INFINITE_RECURSION = YES;
				CLANG_WARN_INT_CONVERSION = YES;
				CLANG_WARN_NON_LITERAL_NULL_CONVERSION = YES;
				CLANG_WARN_OBJC_IMPLICIT_RETAIN_SELF = YES;
				CLANG_WARN_OBJC_LITERAL_CONVERSION = YES;
				CLANG_WARN_OBJC_ROOT_CLASS = YES_ERROR;
				CLANG_WARN_QUOTED_INCLUDE_IN_FRAMEWORK_HEADER = YES;
				CLANG_WARN_RANGE_LOOP_ANALYSIS = YES;
				CLANG_WARN_STRICT_PROTOTYPES = YES;
				CLANG_WARN_SUSPICIOUS_MOVE = YES;
				CLANG_WARN_UNGUARDED_AVAILABILITY = YES_AGGRESSIVE;
				CLANG_WARN_UNREACHABLE_CODE = YES;
				CLANG_WARN__DUPLICATE_METHOD_MATCH = YES;
				COPY_PHASE_STRIP = NO;
				DEBUG_INFORMATION_FORMAT = "dwarf-with-dsym";
				ENABLE_NS_ASSERTIONS = NO;
				ENABLE_STRICT_OBJC_MSGSEND = YES;
				GCC_C_LANGUAGE_STANDARD = gnu11;
				GCC_NO_COMMON_BLOCKS = YES;
				GCC_WARN_64_TO_32_BIT_CONVERSION = YES;
				GCC_WARN_ABOUT_RETURN_TYPE = YES_ERROR;
				GCC_WARN_UNDECLARED_SELECTOR = YES;
				GCC_WARN_UNINITIALIZED_AUTOS = YES_AGGRESSIVE;
				GCC_WARN_UNUSED_FUNCTION = YES;
				GCC_WARN_UNUSED_VARIABLE = YES;
				IPHONEOS_DEPLOYMENT_TARGET = 15.5;
				MTL_ENABLE_DEBUG_INFO = NO;
				MTL_FAST_MATH = YES;
				SDKROOT = iphoneos;
				VALIDATE_PRODUCT = YES;
			};
			name = Release;
		};
		450F95452884C47700A3C8F7 /* Debug */ = {
			isa = XCBuildConfiguration;
			buildSettings = {
				ASSETCATALOG_COMPILER_APPICON_NAME = AppIcon;
				ASSETCATALOG_COMPILER_GLOBAL_ACCENT_COLOR_NAME = AccentColor;
				CODE_SIGN_STYLE = Automatic;
				CURRENT_PROJECT_VERSION = 1;
				DEVELOPMENT_TEAM = 3KM9DQ5C6Z;
				GENERATE_INFOPLIST_FILE = YES;
				INFOPLIST_FILE = pictureInPicture/Info.plist;
				INFOPLIST_KEY_UIApplicationSupportsIndirectInputEvents = YES;
				INFOPLIST_KEY_UILaunchStoryboardName = LaunchScreen;
				INFOPLIST_KEY_UIMainStoryboardFile = Main;
				INFOPLIST_KEY_UISupportedInterfaceOrientations_iPad = "UIInterfaceOrientationPortrait UIInterfaceOrientationPortraitUpsideDown UIInterfaceOrientationLandscapeLeft UIInterfaceOrientationLandscapeRight";
				INFOPLIST_KEY_UISupportedInterfaceOrientations_iPhone = "UIInterfaceOrientationPortrait UIInterfaceOrientationLandscapeLeft UIInterfaceOrientationLandscapeRight";
				IPHONEOS_DEPLOYMENT_TARGET = 15.0;
				LD_RUNPATH_SEARCH_PATHS = (
					"$(inherited)",
					"@executable_path/Frameworks",
				);
				MARKETING_VERSION = 1.0;
				PRODUCT_BUNDLE_IDENTIFIER = com.hanmingjie.pictureInPicture;
				PRODUCT_NAME = "$(TARGET_NAME)";
				SWIFT_EMIT_LOC_STRINGS = YES;
				TARGETED_DEVICE_FAMILY = "1,2";
			};
			name = Debug;
		};
		450F95462884C47700A3C8F7 /* Release */ = {
			isa = XCBuildConfiguration;
			buildSettings = {
				ASSETCATALOG_COMPILER_APPICON_NAME = AppIcon;
				ASSETCATALOG_COMPILER_GLOBAL_ACCENT_COLOR_NAME = AccentColor;
				CODE_SIGN_STYLE = Automatic;
				CURRENT_PROJECT_VERSION = 1;
				DEVELOPMENT_TEAM = 3KM9DQ5C6Z;
				GENERATE_INFOPLIST_FILE = YES;
				INFOPLIST_FILE = pictureInPicture/Info.plist;
				INFOPLIST_KEY_UIApplicationSupportsIndirectInputEvents = YES;
				INFOPLIST_KEY_UILaunchStoryboardName = LaunchScreen;
				INFOPLIST_KEY_UIMainStoryboardFile = Main;
				INFOPLIST_KEY_UISupportedInterfaceOrientations_iPad = "UIInterfaceOrientationPortrait UIInterfaceOrientationPortraitUpsideDown UIInterfaceOrientationLandscapeLeft UIInterfaceOrientationLandscapeRight";
				INFOPLIST_KEY_UISupportedInterfaceOrientations_iPhone = "UIInterfaceOrientationPortrait UIInterfaceOrientationLandscapeLeft UIInterfaceOrientationLandscapeRight";
				IPHONEOS_DEPLOYMENT_TARGET = 15.0;
				LD_RUNPATH_SEARCH_PATHS = (
					"$(inherited)",
					"@executable_path/Frameworks",
				);
				MARKETING_VERSION = 1.0;
				PRODUCT_BUNDLE_IDENTIFIER = com.hanmingjie.pictureInPicture;
				PRODUCT_NAME = "$(TARGET_NAME)";
				SWIFT_EMIT_LOC_STRINGS = YES;
				TARGETED_DEVICE_FAMILY = "1,2";
			};
			name = Release;
		};
/* End XCBuildConfiguration section */

/* Begin XCConfigurationList section */
		450F95262884C47500A3C8F7 /* Build configuration list for PBXProject "pictureInPicture" */ = {
			isa = XCConfigurationList;
			buildConfigurations = (
				450F95422884C47700A3C8F7 /* Debug */,
				450F95432884C47700A3C8F7 /* Release */,
			);
			defaultConfigurationIsVisible = 0;
			defaultConfigurationName = Release;
		};
		450F95442884C47700A3C8F7 /* Build configuration list for PBXNativeTarget "pictureInPicture" */ = {
			isa = XCConfigurationList;
			buildConfigurations = (
				450F95452884C47700A3C8F7 /* Debug */,
				450F95462884C47700A3C8F7 /* Release */,
			);
			defaultConfigurationIsVisible = 0;
			defaultConfigurationName = Release;
		};
/* End XCConfigurationList section */
	};
	rootObject = 450F95232884C47500A3C8F7 /* Project object */;
}
